
Microsoft Visual Studio Solution File, Format Version 12.00
# Visual Studio Version 17
VisualStudioVersion = 17.4.33122.133
MinimumVisualStudioVersion = 10.0.40219.1
Project("{FAE04EC0-301F-11D3-BF4B-00C04F79EFBC}") = "Practica 1-3", "Practica 1-3\Practica 1-3.csproj", "{6E320741-4FCF-4A05-9F85-24FAC41B931D}"
EndProject
Global
	GlobalSection(SolutionConfigurationPlatforms) = preSolution
		Debug|Any CPU = Debug|Any CPU
		Release|Any CPU = Release|Any CPU
	EndGlobalSection
	GlobalSection(ProjectConfigurationPlatforms) = postSolution
		{6E320741-4FCF-4A05-9F85-24FAC41B931D}.Debug|Any CPU.ActiveCfg = Debug|Any CPU
		{6E320741-4FCF-4A05-9F85-24FAC41B931D}.Debug|Any CPU.Build.0 = Debug|Any CPU
		{6E320741-4FCF-4A05-9F85-24FAC41B931D}.Release|Any CPU.ActiveCfg = Release|Any CPU
		{6E320741-4FCF-4A05-9F85-24FAC41B931D}.Release|Any CPU.Build.0 = Release|Any CPU
	EndGlobalSection
	GlobalSection(SolutionProperties) = preSolution
		HideSolutionNode = FALSE
	EndGlobalSection
	GlobalSection(ExtensibilityGlobals) = postSolution
		SolutionGuid = {15291F63-4A28-4140-BFA6-96A080A77F2A}
	EndGlobalSection
EndGlobal
