
Microsoft Visual Studio Solution File, Format Version 12.00
# Visual Studio Version 17
VisualStudioVersion = 17.4.33122.133
MinimumVisualStudioVersion = 10.0.40219.1
Project("{FAE04EC0-301F-11D3-BF4B-00C04F79EFBC}") = "Practica 1-1", "Practica 1-1\Practica 1-1.csproj", "{1C613385-83CF-4D2C-A981-9F8919B246CB}"
EndProject
Global
	GlobalSection(SolutionConfigurationPlatforms) = preSolution
		Debug|Any CPU = Debug|Any CPU
		Release|Any CPU = Release|Any CPU
	EndGlobalSection
	GlobalSection(ProjectConfigurationPlatforms) = postSolution
		{1C613385-83CF-4D2C-A981-9F8919B246CB}.Debug|Any CPU.ActiveCfg = Debug|Any CPU
		{1C613385-83CF-4D2C-A981-9F8919B246CB}.Debug|Any CPU.Build.0 = Debug|Any CPU
		{1C613385-83CF-4D2C-A981-9F8919B246CB}.Release|Any CPU.ActiveCfg = Release|Any CPU
		{1C613385-83CF-4D2C-A981-9F8919B246CB}.Release|Any CPU.Build.0 = Release|Any CPU
	EndGlobalSection
	GlobalSection(SolutionProperties) = preSolution
		HideSolutionNode = FALSE
	EndGlobalSection
	GlobalSection(ExtensibilityGlobals) = postSolution
		SolutionGuid = {4BBCA454-6A48-4E53-8901-DC2EEC246A4A}
	EndGlobalSection
EndGlobal
