
Microsoft Visual Studio Solution File, Format Version 12.00
# Visual Studio Version 17
VisualStudioVersion = 17.4.33122.133
MinimumVisualStudioVersion = 10.0.40219.1
Project("{FAE04EC0-301F-11D3-BF4B-00C04F79EFBC}") = "Practica 1-10", "Practica 1-10\Practica 1-10.csproj", "{9C1A41F3-B58A-4BF4-BA36-677153824939}"
EndProject
Global
	GlobalSection(SolutionConfigurationPlatforms) = preSolution
		Debug|Any CPU = Debug|Any CPU
		Release|Any CPU = Release|Any CPU
	EndGlobalSection
	GlobalSection(ProjectConfigurationPlatforms) = postSolution
		{9C1A41F3-B58A-4BF4-BA36-677153824939}.Debug|Any CPU.ActiveCfg = Debug|Any CPU
		{9C1A41F3-B58A-4BF4-BA36-677153824939}.Debug|Any CPU.Build.0 = Debug|Any CPU
		{9C1A41F3-B58A-4BF4-BA36-677153824939}.Release|Any CPU.ActiveCfg = Release|Any CPU
		{9C1A41F3-B58A-4BF4-BA36-677153824939}.Release|Any CPU.Build.0 = Release|Any CPU
	EndGlobalSection
	GlobalSection(SolutionProperties) = preSolution
		HideSolutionNode = FALSE
	EndGlobalSection
	GlobalSection(ExtensibilityGlobals) = postSolution
		SolutionGuid = {1D552BFE-9D60-4823-A3A0-EB51A32F48A8}
	EndGlobalSection
EndGlobal
