
Microsoft Visual Studio Solution File, Format Version 12.00
# Visual Studio Version 17
VisualStudioVersion = 17.4.33122.133
MinimumVisualStudioVersion = 10.0.40219.1
Project("{FAE04EC0-301F-11D3-BF4B-00C04F79EFBC}") = "Practica 1-14", "Practica 1-14\Practica 1-14.csproj", "{3A96F00A-9BEA-4CC9-92FC-09BC0F105B6C}"
EndProject
Global
	GlobalSection(SolutionConfigurationPlatforms) = preSolution
		Debug|Any CPU = Debug|Any CPU
		Release|Any CPU = Release|Any CPU
	EndGlobalSection
	GlobalSection(ProjectConfigurationPlatforms) = postSolution
		{3A96F00A-9BEA-4CC9-92FC-09BC0F105B6C}.Debug|Any CPU.ActiveCfg = Debug|Any CPU
		{3A96F00A-9BEA-4CC9-92FC-09BC0F105B6C}.Debug|Any CPU.Build.0 = Debug|Any CPU
		{3A96F00A-9BEA-4CC9-92FC-09BC0F105B6C}.Release|Any CPU.ActiveCfg = Release|Any CPU
		{3A96F00A-9BEA-4CC9-92FC-09BC0F105B6C}.Release|Any CPU.Build.0 = Release|Any CPU
	EndGlobalSection
	GlobalSection(SolutionProperties) = preSolution
		HideSolutionNode = FALSE
	EndGlobalSection
	GlobalSection(ExtensibilityGlobals) = postSolution
		SolutionGuid = {C826124E-8F8B-48E3-92A1-35B46226A8CE}
	EndGlobalSection
EndGlobal
